hash: 28ef36acb75ffa610220a4ee700d8de77f142648ef0ce626f353fd51cb62efa3
updated: 2017-08-08T23:52:13.8051006+08:00
imports:
- name: github.com/astaxie/beego
  version: d96289a81bf67728cff7a19b067aaecc65a62ec6
  subpackages:
  - logs
- name: github.com/belogik/goes
  version: e54d722c3aff588e4c737fe11c07359019240824
- name: github.com/cloudflare/golz4
  version: ef862a3cdc58a6f1fee4e3af3d44fbe279194cde
- name: github.com/dingkaich/mygtest
  version: 4e757415e2b01599e32bc46ecd1fcffab16c57a7
- name: github.com/gogo/protobuf
  version: 1c2b16bc280d6635de6c52fc1471ab962dc36ec9
  subpackages:
  - proto
testImports: []
